
Microsoft Visual Studio Solution File, Format Version 12.00
# Visual Studio Version 16
VisualStudioVersion = 16.0.31729.503
MinimumVisualStudioVersion = 10.0.40219.1
Project("{FAE04EC0-301F-11D3-BF4B-00C04F79EFBC}") = "DAL", "DAL\DAL.csproj", "{21FF294C-AB1C-41EE-84F0-E9204A4B24B1}"
EndProject
Project("{FAE04EC0-301F-11D3-BF4B-00C04F79EFBC}") = "UI", "UI\UI.csproj", "{78B51E5C-EA0E-43DB-8B71-0EDB906EE66D}"
EndProject
Project("{FAE04EC0-301F-11D3-BF4B-00C04F79EFBC}") = "Service", "Service\Service.csproj", "{FBD33AC6-DBD4-48A5-8A21-7DB2B1F6EA9A}"
EndProject
Project("{FAE04EC0-301F-11D3-BF4B-00C04F79EFBC}") = "Model", "Model\Model.csproj", "{080B6DC7-12B5-4D18-A4B4-DC1528ABCD0C}"
EndProject
Project("{FAE04EC0-301F-11D3-BF4B-00C04F79EFBC}") = "API", "API\API.csproj", "{8574E820-470D-46A8-9834-00975747FDCB}"
EndProject
Global
	GlobalSection(SolutionConfigurationPlatforms) = preSolution
		Debug|Any CPU = Debug|Any CPU
		Release|Any CPU = Release|Any CPU
	EndGlobalSection
	GlobalSection(ProjectConfigurationPlatforms) = postSolution
		{21FF294C-AB1C-41EE-84F0-E9204A4B24B1}.Debug|Any CPU.ActiveCfg = Debug|Any CPU
		{21FF294C-AB1C-41EE-84F0-E9204A4B24B1}.Debug|Any CPU.Build.0 = Debug|Any CPU
		{21FF294C-AB1C-41EE-84F0-E9204A4B24B1}.Release|Any CPU.ActiveCfg = Release|Any CPU
		{21FF294C-AB1C-41EE-84F0-E9204A4B24B1}.Release|Any CPU.Build.0 = Release|Any CPU
		{78B51E5C-EA0E-43DB-8B71-0EDB906EE66D}.Debug|Any CPU.ActiveCfg = Debug|Any CPU
		{78B51E5C-EA0E-43DB-8B71-0EDB906EE66D}.Debug|Any CPU.Build.0 = Debug|Any CPU
		{78B51E5C-EA0E-43DB-8B71-0EDB906EE66D}.Release|Any CPU.ActiveCfg = Release|Any CPU
		{78B51E5C-EA0E-43DB-8B71-0EDB906EE66D}.Release|Any CPU.Build.0 = Release|Any CPU
		{FBD33AC6-DBD4-48A5-8A21-7DB2B1F6EA9A}.Debug|Any CPU.ActiveCfg = Debug|Any CPU
		{FBD33AC6-DBD4-48A5-8A21-7DB2B1F6EA9A}.Debug|Any CPU.Build.0 = Debug|Any CPU
		{FBD33AC6-DBD4-48A5-8A21-7DB2B1F6EA9A}.Release|Any CPU.ActiveCfg = Release|Any CPU
		{FBD33AC6-DBD4-48A5-8A21-7DB2B1F6EA9A}.Release|Any CPU.Build.0 = Release|Any CPU
		{080B6DC7-12B5-4D18-A4B4-DC1528ABCD0C}.Debug|Any CPU.ActiveCfg = Debug|Any CPU
		{080B6DC7-12B5-4D18-A4B4-DC1528ABCD0C}.Debug|Any CPU.Build.0 = Debug|Any CPU
		{080B6DC7-12B5-4D18-A4B4-DC1528ABCD0C}.Release|Any CPU.ActiveCfg = Release|Any CPU
		{080B6DC7-12B5-4D18-A4B4-DC1528ABCD0C}.Release|Any CPU.Build.0 = Release|Any CPU
		{8574E820-470D-46A8-9834-00975747FDCB}.Debug|Any CPU.ActiveCfg = Debug|Any CPU
		{8574E820-470D-46A8-9834-00975747FDCB}.Debug|Any CPU.Build.0 = Debug|Any CPU
		{8574E820-470D-46A8-9834-00975747FDCB}.Release|Any CPU.ActiveCfg = Release|Any CPU
		{8574E820-470D-46A8-9834-00975747FDCB}.Release|Any CPU.Build.0 = Release|Any CPU
	EndGlobalSection
	GlobalSection(SolutionProperties) = preSolution
		HideSolutionNode = FALSE
	EndGlobalSection
	GlobalSection(ExtensibilityGlobals) = postSolution
		SolutionGuid = {9DFEE67C-75CA-4DC4-AE03-AA67013A612C}
	EndGlobalSection
EndGlobal
